
Microsoft Visual Studio Solution File, Format Version 12.00
# Visual Studio Version 17
VisualStudioVersion = 17.14.36408.4 d17.14
MinimumVisualStudioVersion = 10.0.40219.1
Project("{FAE04EC0-301F-11D3-BF4B-00C04F79EFBC}") = "Hello", "Hello\Hello.csproj", "{23FD4E64-D273-47B5-B836-01CC2B3CD122}"
EndProject
Global
	GlobalSection(SolutionConfigurationPlatforms) = preSolution
		Debug|Any CPU = Debug|Any CPU
		Release|Any CPU = Release|Any CPU
	EndGlobalSection
	GlobalSection(ProjectConfigurationPlatforms) = postSolution
		{23FD4E64-D273-47B5-B836-01CC2B3CD122}.Debug|Any CPU.ActiveCfg = Debug|Any CPU
		{23FD4E64-D273-47B5-B836-01CC2B3CD122}.Debug|Any CPU.Build.0 = Debug|Any CPU
		{23FD4E64-D273-47B5-B836-01CC2B3CD122}.Release|Any CPU.ActiveCfg = Release|Any CPU
		{23FD4E64-D273-47B5-B836-01CC2B3CD122}.Release|Any CPU.Build.0 = Release|Any CPU
	EndGlobalSection
	GlobalSection(SolutionProperties) = preSolution
		HideSolutionNode = FALSE
	EndGlobalSection
	GlobalSection(ExtensibilityGlobals) = postSolution
		SolutionGuid = {CA6C14F0-A4AE-46A3-A70E-0AE06DBECF0E}
	EndGlobalSection
EndGlobal
