
Microsoft Visual Studio Solution File, Format Version 12.00
# Visual Studio Version 17
VisualStudioVersion = 17.14.36518.9 d17.14
MinimumVisualStudioVersion = 10.0.40219.1
Project("{FAE04EC0-301F-11D3-BF4B-00C04F79EFBC}") = "InClass08", "InClass08.csproj", "{27D56F02-09E6-4502-A0F2-2EB6BADB6EC7}"
EndProject
Global
	GlobalSection(SolutionConfigurationPlatforms) = preSolution
		Debug|Any CPU = Debug|Any CPU
		Release|Any CPU = Release|Any CPU
	EndGlobalSection
	GlobalSection(ProjectConfigurationPlatforms) = postSolution
		{27D56F02-09E6-4502-A0F2-2EB6BADB6EC7}.Debug|Any CPU.ActiveCfg = Debug|Any CPU
		{27D56F02-09E6-4502-A0F2-2EB6BADB6EC7}.Debug|Any CPU.Build.0 = Debug|Any CPU
		{27D56F02-09E6-4502-A0F2-2EB6BADB6EC7}.Release|Any CPU.ActiveCfg = Release|Any CPU
		{27D56F02-09E6-4502-A0F2-2EB6BADB6EC7}.Release|Any CPU.Build.0 = Release|Any CPU
	EndGlobalSection
	GlobalSection(SolutionProperties) = preSolution
		HideSolutionNode = FALSE
	EndGlobalSection
	GlobalSection(ExtensibilityGlobals) = postSolution
		SolutionGuid = {0490F633-3992-4652-94B9-B0E00B72F1FF}
	EndGlobalSection
EndGlobal
