
Microsoft Visual Studio Solution File, Format Version 12.00
# Visual Studio Version 17
VisualStudioVersion = 17.14.36408.4 d17.14
MinimumVisualStudioVersion = 10.0.40219.1
Project("{FAE04EC0-301F-11D3-BF4B-00C04F79EFBC}") = "AdminLTE", "AdminLTE.csproj", "{7CC25212-1DD3-4FF1-B441-8FC71F2C1920}"
EndProject
Global
	GlobalSection(SolutionConfigurationPlatforms) = preSolution
		Debug|Any CPU = Debug|Any CPU
		Release|Any CPU = Release|Any CPU
	EndGlobalSection
	GlobalSection(ProjectConfigurationPlatforms) = postSolution
		{7CC25212-1DD3-4FF1-B441-8FC71F2C1920}.Debug|Any CPU.ActiveCfg = Debug|Any CPU
		{7CC25212-1DD3-4FF1-B441-8FC71F2C1920}.Debug|Any CPU.Build.0 = Debug|Any CPU
		{7CC25212-1DD3-4FF1-B441-8FC71F2C1920}.Release|Any CPU.ActiveCfg = Release|Any CPU
		{7CC25212-1DD3-4FF1-B441-8FC71F2C1920}.Release|Any CPU.Build.0 = Release|Any CPU
	EndGlobalSection
	GlobalSection(SolutionProperties) = preSolution
		HideSolutionNode = FALSE
	EndGlobalSection
	GlobalSection(ExtensibilityGlobals) = postSolution
		SolutionGuid = {D3D2B7D3-8A2E-4580-84D4-AEEB5535938F}
	EndGlobalSection
EndGlobal
