
Microsoft Visual Studio Solution File, Format Version 12.00
# Visual Studio Version 17
VisualStudioVersion = 17.14.36518.9 d17.14
MinimumVisualStudioVersion = 10.0.40219.1
Project("{FAE04EC0-301F-11D3-BF4B-00C04F79EFBC}") = "KhucPhuongNam_231230845_2", "KhucPhuongNam_231230845_2.csproj", "{E11C49F1-B188-45DD-A707-E5F8AE34D8F0}"
EndProject
Global
	GlobalSection(SolutionConfigurationPlatforms) = preSolution
		Debug|Any CPU = Debug|Any CPU
		Release|Any CPU = Release|Any CPU
	EndGlobalSection
	GlobalSection(ProjectConfigurationPlatforms) = postSolution
		{E11C49F1-B188-45DD-A707-E5F8AE34D8F0}.Debug|Any CPU.ActiveCfg = Debug|Any CPU
		{E11C49F1-B188-45DD-A707-E5F8AE34D8F0}.Debug|Any CPU.Build.0 = Debug|Any CPU
		{E11C49F1-B188-45DD-A707-E5F8AE34D8F0}.Release|Any CPU.ActiveCfg = Release|Any CPU
		{E11C49F1-B188-45DD-A707-E5F8AE34D8F0}.Release|Any CPU.Build.0 = Release|Any CPU
	EndGlobalSection
	GlobalSection(SolutionProperties) = preSolution
		HideSolutionNode = FALSE
	EndGlobalSection
	GlobalSection(ExtensibilityGlobals) = postSolution
		SolutionGuid = {84E20090-73A8-4387-8269-4DDCB8EF889D}
	EndGlobalSection
EndGlobal
