
Microsoft Visual Studio Solution File, Format Version 12.00
# Visual Studio Version 17
VisualStudioVersion = 17.14.36518.9 d17.14
MinimumVisualStudioVersion = 10.0.40219.1
Project("{FAE04EC0-301F-11D3-BF4B-00C04F79EFBC}") = "BTH_04", "BTH_04.csproj", "{6B683A28-3A60-4F92-9DC0-5ED1DC635876}"
EndProject
Global
	GlobalSection(SolutionConfigurationPlatforms) = preSolution
		Debug|Any CPU = Debug|Any CPU
		Release|Any CPU = Release|Any CPU
	EndGlobalSection
	GlobalSection(ProjectConfigurationPlatforms) = postSolution
		{6B683A28-3A60-4F92-9DC0-5ED1DC635876}.Debug|Any CPU.ActiveCfg = Debug|Any CPU
		{6B683A28-3A60-4F92-9DC0-5ED1DC635876}.Debug|Any CPU.Build.0 = Debug|Any CPU
		{6B683A28-3A60-4F92-9DC0-5ED1DC635876}.Release|Any CPU.ActiveCfg = Release|Any CPU
		{6B683A28-3A60-4F92-9DC0-5ED1DC635876}.Release|Any CPU.Build.0 = Release|Any CPU
	EndGlobalSection
	GlobalSection(SolutionProperties) = preSolution
		HideSolutionNode = FALSE
	EndGlobalSection
	GlobalSection(ExtensibilityGlobals) = postSolution
		SolutionGuid = {4EEDF192-40B3-463C-9909-8B72C01B1350}
	EndGlobalSection
EndGlobal
