
Microsoft Visual Studio Solution File, Format Version 12.00
# Visual Studio Version 17
VisualStudioVersion = 17.14.36518.9 d17.14
MinimumVisualStudioVersion = 10.0.40219.1
Project("{FAE04EC0-301F-11D3-BF4B-00C04F79EFBC}") = "Lab06", "Lab06.csproj", "{CA7B2EC8-800F-483F-B879-0EED74C062F6}"
EndProject
Global
	GlobalSection(SolutionConfigurationPlatforms) = preSolution
		Debug|Any CPU = Debug|Any CPU
		Release|Any CPU = Release|Any CPU
	EndGlobalSection
	GlobalSection(ProjectConfigurationPlatforms) = postSolution
		{CA7B2EC8-800F-483F-B879-0EED74C062F6}.Debug|Any CPU.ActiveCfg = Debug|Any CPU
		{CA7B2EC8-800F-483F-B879-0EED74C062F6}.Debug|Any CPU.Build.0 = Debug|Any CPU
		{CA7B2EC8-800F-483F-B879-0EED74C062F6}.Release|Any CPU.ActiveCfg = Release|Any CPU
		{CA7B2EC8-800F-483F-B879-0EED74C062F6}.Release|Any CPU.Build.0 = Release|Any CPU
	EndGlobalSection
	GlobalSection(SolutionProperties) = preSolution
		HideSolutionNode = FALSE
	EndGlobalSection
	GlobalSection(ExtensibilityGlobals) = postSolution
		SolutionGuid = {65623B1D-F41A-4946-A145-5215CDB19545}
	EndGlobalSection
EndGlobal
